# THIS IS AN AUTOGENERATED FILE. DO NOT EDIT THIS FILE DIRECTLY.
# yarn lockfile v1


"@biomejs/biome@1.9.2":
  version "1.9.2"
  resolved "https://registry.yarnpkg.com/@biomejs/biome/-/biome-1.9.2.tgz#297a6a0172e46124b9b6058ec3875091d352a0be"
  integrity sha512-4j2Gfwft8Jqp1X0qLYvK4TEy4xhTo4o6rlvJPsjPeEame8gsmbGQfOPBkw7ur+7/Z/f0HZmCZKqbMvR7vTXQYQ==
  optionalDependencies:
    "@biomejs/cli-darwin-arm64" "1.9.2"
    "@biomejs/cli-darwin-x64" "1.9.2"
    "@biomejs/cli-linux-arm64" "1.9.2"
    "@biomejs/cli-linux-arm64-musl" "1.9.2"
    "@biomejs/cli-linux-x64" "1.9.2"
    "@biomejs/cli-linux-x64-musl" "1.9.2"
    "@biomejs/cli-win32-arm64" "1.9.2"
    "@biomejs/cli-win32-x64" "1.9.2"

"@biomejs/cli-darwin-arm64@1.9.2":
  version "1.9.2"
  resolved "https://registry.yarnpkg.com/@biomejs/cli-darwin-arm64/-/cli-darwin-arm64-1.9.2.tgz#9303e426156189b2ab469154f7cd94ecfbf8bd5e"
  integrity sha512-rbs9uJHFmhqB3Td0Ro+1wmeZOHhAPTL3WHr8NtaVczUmDhXkRDWScaxicG9+vhSLj1iLrW47itiK6xiIJy6vaA==

"@biomejs/cli-darwin-x64@1.9.2":
  version "1.9.2"
  resolved "https://registry.yarnpkg.com/@biomejs/cli-darwin-x64/-/cli-darwin-x64-1.9.2.tgz#a674e61c04b5aeca31b5b1e7f7b678937a6e90ac"
  integrity sha512-BlfULKijNaMigQ9GH9fqJVt+3JTDOSiZeWOQtG/1S1sa8Lp046JHG3wRJVOvekTPL9q/CNFW1NVG8J0JN+L1OA==

"@biomejs/cli-linux-arm64-musl@1.9.2":
  version "1.9.2"
  resolved "https://registry.yarnpkg.com/@biomejs/cli-linux-arm64-musl/-/cli-linux-arm64-musl-1.9.2.tgz#b126b0093a7b7632c01a948bf7a0feaf5040ea76"
  integrity sha512-ZATvbUWhNxegSALUnCKWqetTZqrK72r2RsFD19OK5jXDj/7o1hzI1KzDNG78LloZxftrwr3uI9SqCLh06shSZw==

"@biomejs/cli-linux-arm64@1.9.2":
  version "1.9.2"
  resolved "https://registry.yarnpkg.com/@biomejs/cli-linux-arm64/-/cli-linux-arm64-1.9.2.tgz#c71b4aa374fcd32d3f1a9e7c8a6ce3090e9b6be4"
  integrity sha512-T8TJuSxuBDeQCQzxZu2o3OU4eyLumTofhCxxFd3+aH2AEWVMnH7Z/c3QP1lHI5RRMBP9xIJeMORqDQ5j+gVZzw==

"@biomejs/cli-linux-x64-musl@1.9.2":
  version "1.9.2"
  resolved "https://registry.yarnpkg.com/@biomejs/cli-linux-x64-musl/-/cli-linux-x64-musl-1.9.2.tgz#5fce02295b435362aa75044ddc388547fbbbbb19"
  integrity sha512-CjPM6jT1miV5pry9C7qv8YJk0FIZvZd86QRD3atvDgfgeh9WQU0k2Aoo0xUcPdTnoz0WNwRtDicHxwik63MmSg==

"@biomejs/cli-linux-x64@1.9.2":
  version "1.9.2"
  resolved "https://registry.yarnpkg.com/@biomejs/cli-linux-x64/-/cli-linux-x64-1.9.2.tgz#17d7bac0b6ebb20b9fb18812d4ef390f5855858f"
  integrity sha512-T0cPk3C3Jr2pVlsuQVTBqk2qPjTm8cYcTD9p/wmR9MeVqui1C/xTVfOIwd3miRODFMrJaVQ8MYSXnVIhV9jTjg==

"@biomejs/cli-win32-arm64@1.9.2":
  version "1.9.2"
  resolved "https://registry.yarnpkg.com/@biomejs/cli-win32-arm64/-/cli-win32-arm64-1.9.2.tgz#725734c4dc35cdcad3ef5cbcd85c6ff1238afa46"
  integrity sha512-2x7gSty75bNIeD23ZRPXyox6Z/V0M71ObeJtvQBhi1fgrvPdtkEuw7/0wEHg6buNCubzOFuN9WYJm6FKoUHfhg==

"@biomejs/cli-win32-x64@1.9.2":
  version "1.9.2"
  resolved "https://registry.yarnpkg.com/@biomejs/cli-win32-x64/-/cli-win32-x64-1.9.2.tgz#6f506d604d3349c1ba674d46cb96540c00a2ba83"
  integrity sha512-JC3XvdYcjmu1FmAehVwVV0SebLpeNTnO2ZaMdGCSOdS7f8O9Fq14T2P1gTG1Q29Q8Dt1S03hh0IdVpIZykOL8g==
